
Microsoft Visual Studio Solution File, Format Version 12.00
# Visual Studio Version 16
VisualStudioVersion = 16.0.29519.87
MinimumVisualStudioVersion = 10.0.40219.1
Project("{FAE04EC0-301F-11D3-BF4B-00C04F79EFBC}") = "CPUSchedulingSim", "CPUSchedulingSim\CPUSchedulingSim.csproj", "{8EEFD0EE-1751-4F8D-A14E-2B7395CAFF22}"
EndProject
Global
	GlobalSection(SolutionConfigurationPlatforms) = preSolution
		Debug|Any CPU = Debug|Any CPU
		Release|Any CPU = Release|Any CPU
	EndGlobalSection
	GlobalSection(ProjectConfigurationPlatforms) = postSolution
		{8EEFD0EE-1751-4F8D-A14E-2B7395CAFF22}.Debug|Any CPU.ActiveCfg = Debug|Any CPU
		{8EEFD0EE-1751-4F8D-A14E-2B7395CAFF22}.Debug|Any CPU.Build.0 = Debug|Any CPU
		{8EEFD0EE-1751-4F8D-A14E-2B7395CAFF22}.Release|Any CPU.ActiveCfg = Release|Any CPU
		{8EEFD0EE-1751-4F8D-A14E-2B7395CAFF22}.Release|Any CPU.Build.0 = Release|Any CPU
	EndGlobalSection
	GlobalSection(SolutionProperties) = preSolution
		HideSolutionNode = FALSE
	EndGlobalSection
	GlobalSection(ExtensibilityGlobals) = postSolution
		SolutionGuid = {C923072D-25ED-47B5-887F-3994795C32F1}
	EndGlobalSection
EndGlobal
